
Microsoft Visual Studio Solution File, Format Version 12.00
# Visual Studio Version 16
VisualStudioVersion = 16.0.31424.327
MinimumVisualStudioVersion = 10.0.40219.1
Project("{9A19103F-16F7-4668-BE54-9A1E7A4F7556}") = "TestProject1", "TestProject1\TestProject1.csproj", "{3E247ACF-418D-447F-AED0-19EC7FF1F308}"
EndProject
Project("{FAE04EC0-301F-11D3-BF4B-00C04F79EFBC}") = "SurfClub", "SURFblog\SurfClub.csproj", "{A9AD94B3-1553-48A0-BBF7-BE6E2AA0E074}"
EndProject
Global
	GlobalSection(SolutionConfigurationPlatforms) = preSolution
		Debug|Any CPU = Debug|Any CPU
		Release|Any CPU = Release|Any CPU
	EndGlobalSection
	GlobalSection(ProjectConfigurationPlatforms) = postSolution
		{3E247ACF-418D-447F-AED0-19EC7FF1F308}.Debug|Any CPU.ActiveCfg = Debug|Any CPU
		{3E247ACF-418D-447F-AED0-19EC7FF1F308}.Debug|Any CPU.Build.0 = Debug|Any CPU
		{3E247ACF-418D-447F-AED0-19EC7FF1F308}.Release|Any CPU.ActiveCfg = Release|Any CPU
		{3E247ACF-418D-447F-AED0-19EC7FF1F308}.Release|Any CPU.Build.0 = Release|Any CPU
		{A9AD94B3-1553-48A0-BBF7-BE6E2AA0E074}.Debug|Any CPU.ActiveCfg = Debug|Any CPU
		{A9AD94B3-1553-48A0-BBF7-BE6E2AA0E074}.Debug|Any CPU.Build.0 = Debug|Any CPU
		{A9AD94B3-1553-48A0-BBF7-BE6E2AA0E074}.Release|Any CPU.ActiveCfg = Release|Any CPU
		{A9AD94B3-1553-48A0-BBF7-BE6E2AA0E074}.Release|Any CPU.Build.0 = Release|Any CPU
	EndGlobalSection
	GlobalSection(SolutionProperties) = preSolution
		HideSolutionNode = FALSE
	EndGlobalSection
	GlobalSection(ExtensibilityGlobals) = postSolution
		SolutionGuid = {8C850FCC-0B03-40EF-AD49-B36808C2499C}
	EndGlobalSection
EndGlobal
